// !$*UTF8*$!
{
	archiveVersion = 1;
	classes = {
	};
	objectVersion = 46;
	objects = {

/* Begin PBXBuildFile section */
		F9824C5E1DED912B00054FB7 /* AppDelegate.swift in Sources */ = {isa = PBXBuildFile; fileRef = F9824C5D1DED912B00054FB7 /* AppDelegate.swift */; };
		F9824C601DED912B00054FB7 /* ViewController.swift in Sources */ = {isa = PBXBuildFile; fileRef = F9824C5F1DED912B00054FB7 /* ViewController.swift */; };
		F9824C631DED912B00054FB7 /* Main.storyboard in Resources */ = {isa = PBXBuildFile; fileRef = F9824C611DED912B00054FB7 /* Main.storyboard */; };
		F9824C651DED912B00054FB7 /* Assets.xcassets in Resources */ = {isa = PBXBuildFile; fileRef = F9824C641DED912B00054FB7 /* Assets.xcassets */; };
		F9824C681DED912B00054FB7 /* LaunchScreen.storyboard in Resources */ = {isa = PBXBuildFile; fileRef = F9824C661DED912B00054FB7 /* LaunchScreen.storyboard */; };
/* End PBXBuildFile section */

/* Begin PBXFileReference section */
		F9824C5A1DED912B00054FB7 /* SOFlashLight.app */ = {isa = PBXFileReference; explicitFileType = wrapper.application; includeInIndex = 0; path = SOFlashLight.app; sourceTree = BUILT_PRODUCTS_DIR; };
		F9824C5D1DED912B00054FB7 /* AppDelegate.swift */ = {isa = PBXFileReference; lastKnownFileType = sourcecode.swift; path = AppDelegate.swift; sourceTree = "<group>"; };
		F9824C5F1DED912B00054FB7 /* ViewController.swift */ = {isa = PBXFileReference; lastKnownFileType = sourcecode.swift; path = ViewController.swift; sourceTree = "<group>"; };
		F9824C621DED912B00054FB7 /* Base */ = {isa = PBXFileReference; lastKnownFileType = file.storyboard; name = Base; path = Base.lproj/Main.storyboard; sourceTree = "<group>"; };
		F9824C641DED912B00054FB7 /* Assets.xcassets */ = {isa = PBXFileReference; lastKnownFileType = folder.assetcatalog; path = Assets.xcassets; sourceTree = "<group>"; };
		F9824C671DED912B00054FB7 /* Base */ = {isa = PBXFileReference; lastKnownFileType = file.storyboard; name = Base; path = Base.lproj/LaunchScreen.storyboard; sourceTree = "<group>"; };
		F9824C691DED912B00054FB7 /* Info.plist */ = {isa = PBXFileReference; lastKnownFileType = text.plist.xml; path = Info.plist; sourceTree = "<group>"; };
/* End PBXFileReference section */

/* Begin PBXFrameworksBuildPhase section */
		F9824C571DED912B00054FB7 /* Frameworks */ = {
			isa = PBXFrameworksBuildPhase;
			buildActionMask = 2147483647;
			files = (
			);
			runOnlyForDeploymentPostprocessing = 0;
		};
/* End PBXFrameworksBuildPhase section */

/* Begin PBXGroup section */
		F9824C511DED912B00054FB7 = {
			isa = PBXGroup;
			children = (
				F9824C5C1DED912B00054FB7 /* SOFlashLight */,
				F9824C5B1DED912B00054FB7 /* Products */,
			);
			sourceTree = "<group>";
		};
		F9824C5B1DED912B00054FB7 /* Products */ = {
			isa = PBXGroup;
			children = (
				F9824C5A1DED912B00054FB7 /* SOFlashLight.app */,
			);
			name = Products;
			sourceTree = "<group>";
		};
		F9824C5C1DED912B00054FB7 /* SOFlashLight */ = {
			isa = PBXGroup;
			children = (
				F9824C5D1DED912B00054FB7 /* AppDelegate.swift */,
				F9824C5F1DED912B00054FB7 /* ViewController.swift */,
				F9824C611DED912B00054FB7 /* Main.storyboard */,
				F9824C641DED912B00054FB7 /* Assets.xcassets */,
				F9824C661DED912B00054FB7 /* LaunchScreen.storyboard */,
				F9824C691DED912B00054FB7 /* Info.plist */,
			);
			path = SOFlashLight;
			sourceTree = "<group>";
		};
/* End PBXGroup section */

/* Begin PBXNativeTarget section */
		F9824C591DED912B00054FB7 /* SOFlashLight */ = {
			isa = PBXNativeTarget;
			buildConfigurationList = F9824C6C1DED912B00054FB7 /* Build configuration list for PBXNativeTarget "SOFlashLight" */;
			buildPhases = (
				F9824C561DED912B00054FB7 /* Sources */,
				F9824C571DED912B00054FB7 /* Frameworks */,
				F9824C581DED912B00054FB7 /* Resources */,
			);
			buildRules = (
			);
			dependencies = (
			);
			name = SOFlashLight;
			productName = SOFlashLight;
			productReference = F9824C5A1DED912B00054FB7 /* SOFlashLight.app */;
			productType = "com.apple.product-type.application";
		};
/* End PBXNativeTarget section */

/* Begin PBXProject section */
		F9824C521DED912B00054FB7 /* Project object */ = {
			isa = PBXProject;
			attributes = {
				LastSwiftUpdateCheck = 0730;
				LastUpgradeCheck = 0730;
				ORGANIZATIONNAME = myCompany;
				TargetAttributes = {
					F9824C591DED912B00054FB7 = {
						CreatedOnToolsVersion = 7.3.1;
					};
				};
			};
			buildConfigurationList = F9824C551DED912B00054FB7 /* Build configuration list for PBXProject "SOFlashLight" */;
			compatibilityVersion = "Xcode 3.2";
			developmentRegion = English;
			hasScannedForEncodings = 0;
			knownRegions = (
				en,
				Base,
			);
			mainGroup = F9824C511DED912B00054FB7;
			productRefGroup = F9824C5B1DED912B00054FB7 /* Products */;
			projectDirPath = "";
			projectRoot = "";
			targets = (
				F9824C591DED912B00054FB7 /* SOFlashLight */,
			);
		};
/* End PBXProject section */

/* Begin PBXResourcesBuildPhase section */
		F9824C581DED912B00054FB7 /* Resources */ = {
			isa = PBXResourcesBuildPhase;
			buildActionMask = 2147483647;
			files = (
				F9824C681DED912B00054FB7 /* LaunchScreen.storyboard in Resources */,
				F9824C651DED912B00054FB7 /* Assets.xcassets in Resources */,
				F9824C631DED912B00054FB7 /* Main.storyboard in Resources */,
			);
			runOnlyForDeploymentPostprocessing = 0;
		};
/* End PBXResourcesBuildPhase section */

/* Begin PBXSourcesBuildPhase section */
		F9824C561DED912B00054FB7 /* Sources */ = {
			isa = PBXSourcesBuildPhase;
			buildActionMask = 2147483647;
			files = (
				F9824C601DED912B00054FB7 /* ViewController.swift in Sources */,
				F9824C5E1DED912B00054FB7 /* AppDelegate.swift in Sources */,
			);
			runOnlyForDeploymentPostprocessing = 0;
		};
/* End PBXSourcesBuildPhase section */

/* Begin PBXVariantGroup section */
		F9824C611DED912B00054FB7 /* Main.storyboard */ = {
			isa = PBXVariantGroup;
			children = (
				F9824C621DED912B00054FB7 /* Base */,
			);
			name = Main.storyboard;
			sourceTree = "<group>";
		};
		F9824C661DED912B00054FB7 /* LaunchScreen.storyboard */ = {
			isa = PBXVariantGroup;
			children = (
				F9824C671DED912B00054FB7 /* Base */,
			);
			name = LaunchScreen.storyboard;
			sourceTree = "<group>";
		};
/* End PBXVariantGroup section */

/* Begin XCBuildConfiguration section */
		F9824C6A1DED912B00054FB7 /* Debug */ = {
			isa = XCBuildConfiguration;
			buildSettings = {
				ALWAYS_SEARCH_USER_PATHS = NO;
				CLANG_ANALYZER_NONNULL = YES;
				CLANG_CXX_LANGUAGE_STANDARD = "gnu++0x";
				CLANG_CXX_LIBRARY = "libc++";
				CLANG_ENABLE_MODULES = YES;
				CLANG_ENABLE_OBJC_ARC = YES;
				CLANG_WARN_BOOL_CONVERSION = YES;
				CLANG_WARN_CONSTANT_CONVERSION = YES;
				CLANG_WARN_DIRECT_OBJC_ISA_USAGE = YES_ERROR;
				CLANG_WARN_EMPTY_BODY = YES;
				CLANG_WARN_ENUM_CONVERSION = YES;
				CLANG_WARN_INT_CONVERSION = YES;
				CLANG_WARN_OBJC_ROOT_CLASS = YES_ERROR;
				CLANG_WARN_UNREACHABLE_CODE = YES;
				CLANG_WARN__DUPLICATE_METHOD_MATCH = YES;
				CODE_SIGN_IDENTITY = "iPhone Developer: Daniel Skowronski (4X2N66P42A)";
				"CODE_SIGN_IDENTITY[sdk=iphoneos*]" = "iPhone Developer: Daniel Skowronski (4X2N66P42A)";
				COPY_PHASE_STRIP = NO;
				DEBUG_INFORMATION_FORMAT = dwarf;
				ENABLE_STRICT_OBJC_MSGSEND = YES;
				ENABLE_TESTABILITY = YES;
				GCC_C_LANGUAGE_STANDARD = gnu99;
				GCC_DYNAMIC_NO_PIC = NO;
				GCC_NO_COMMON_BLOCKS = YES;
				GCC_OPTIMIZATION_LEVEL = 0;
				GCC_PREPROCESSOR_DEFINITIONS = (
					"DEBUG=1",
					"$(inherited)",
				);
				GCC_WARN_64_TO_32_BIT_CONVERSION = YES;
				GCC_WARN_ABOUT_RETURN_TYPE = YES_ERROR;
				GCC_WARN_UNDECLARED_SELECTOR = YES;
				GCC_WARN_UNINITIALIZED_AUTOS = YES_AGGRESSIVE;
				GCC_WARN_UNUSED_FUNCTION = YES;
				GCC_WARN_UNUSED_VARIABLE = YES;
				IPHONEOS_DEPLOYMENT_TARGET = 9.3;
				MTL_ENABLE_DEBUG_INFO = YES;
				ONLY_ACTIVE_ARCH = YES;
				PROVISIONING_PROFILE = "34b08575-0426-4f55-9013-dac04bfb8a9f";
				SDKROOT = iphoneos;
				SWIFT_OPTIMIZATION_LEVEL = "-Onone";
			};
			name = Debug;
		};
		F9824C6B1DED912B00054FB7 /* Release */ = {
			isa = XCBuildConfiguration;
			buildSettings = {
				ALWAYS_SEARCH_USER_PATHS = NO;
				CLANG_ANALYZER_NONNULL = YES;
				CLANG_CXX_LANGUAGE_STANDARD = "gnu++0x";
				CLANG_CXX_LIBRARY = "libc++";
				CLANG_ENABLE_MODULES = YES;
				CLANG_ENABLE_OBJC_ARC = YES;
				CLANG_WARN_BOOL_CONVERSION = YES;
				CLANG_WARN_CONSTANT_CONVERSION = YES;
				CLANG_WARN_DIRECT_OBJC_ISA_USAGE = YES_ERROR;
				CLANG_WARN_EMPTY_BODY = YES;
				CLANG_WARN_ENUM_CONVERSION = YES;
				CLANG_WARN_INT_CONVERSION = YES;
				CLANG_WARN_OBJC_ROOT_CLASS = YES_ERROR;
				CLANG_WARN_UNREACHABLE_CODE = YES;
				CLANG_WARN__DUPLICATE_METHOD_MATCH = YES;
				CODE_SIGN_IDENTITY = "iPhone Developer: Daniel Skowronski (4X2N66P42A)";
				"CODE_SIGN_IDENTITY[sdk=iphoneos*]" = "iPhone Developer: Daniel Skowronski (4X2N66P42A)";
				COPY_PHASE_STRIP = NO;
				DEBUG_INFORMATION_FORMAT = "dwarf-with-dsym";
				ENABLE_NS_ASSERTIONS = NO;
				ENABLE_STRICT_OBJC_MSGSEND = YES;
				GCC_C_LANGUAGE_STANDARD = gnu99;
				GCC_NO_COMMON_BLOCKS = YES;
				GCC_WARN_64_TO_32_BIT_CONVERSION = YES;
				GCC_WARN_ABOUT_RETURN_TYPE = YES_ERROR;
				GCC_WARN_UNDECLARED_SELECTOR = YES;
				GCC_WARN_UNINITIALIZED_AUTOS = YES_AGGRESSIVE;
				GCC_WARN_UNUSED_FUNCTION = YES;
				GCC_WARN_UNUSED_VARIABLE = YES;
				IPHONEOS_DEPLOYMENT_TARGET = 9.3;
				MTL_ENABLE_DEBUG_INFO = NO;
				PROVISIONING_PROFILE = "34b08575-0426-4f55-9013-dac04bfb8a9f";
				SDKROOT = iphoneos;
				VALIDATE_PRODUCT = YES;
			};
			name = Release;
		};
		F9824C6D1DED912B00054FB7 /* Debug */ = {
			isa = XCBuildConfiguration;
			buildSettings = {
				ASSETCATALOG_COMPILER_APPICON_NAME = AppIcon;
				CODE_SIGN_IDENTITY = "iPhone Developer: Daniel Skowronski (4X2N66P42A)";
				INFOPLIST_FILE = SOFlashLight/Info.plist;
				LD_RUNPATH_SEARCH_PATHS = "$(inherited) @executable_path/Frameworks";
				PRODUCT_BUNDLE_IDENTIFIER = com.Daniel.NDA;
				PRODUCT_NAME = "$(TARGET_NAME)";
				PROVISIONING_PROFILE = "34b08575-0426-4f55-9013-dac04bfb8a9f";
			};
			name = Debug;
		};
		F9824C6E1DED912B00054FB7 /* Release */ = {
			isa = XCBuildConfiguration;
			buildSettings = {
				ASSETCATALOG_COMPILER_APPICON_NAME = AppIcon;
				CODE_SIGN_IDENTITY = "iPhone Developer: Daniel Skowronski (4X2N66P42A)";
				INFOPLIST_FILE = SOFlashLight/Info.plist;
				LD_RUNPATH_SEARCH_PATHS = "$(inherited) @executable_path/Frameworks";
				PRODUCT_BUNDLE_IDENTIFIER = com.Daniel.NDA;
				PRODUCT_NAME = "$(TARGET_NAME)";
				PROVISIONING_PROFILE = "34b08575-0426-4f55-9013-dac04bfb8a9f";
			};
			name = Release;
		};
/* End XCBuildConfiguration section */

/* Begin XCConfigurationList section */
		F9824C551DED912B00054FB7 /* Build configuration list for PBXProject "SOFlashLight" */ = {
			isa = XCConfigurationList;
			buildConfigurations = (
				F9824C6A1DED912B00054FB7 /* Debug */,
				F9824C6B1DED912B00054FB7 /* Release */,
			);
			defaultConfigurationIsVisible = 0;
			defaultConfigurationName = Release;
		};
		F9824C6C1DED912B00054FB7 /* Build configuration list for PBXNativeTarget "SOFlashLight" */ = {
			isa = XCConfigurationList;
			buildConfigurations = (
				F9824C6D1DED912B00054FB7 /* Debug */,
				F9824C6E1DED912B00054FB7 /* Release */,
			);
			defaultConfigurationIsVisible = 0;
		};
/* End XCConfigurationList section */
	};
	rootObject = F9824C521DED912B00054FB7 /* Project object */;
}
